
Microsoft Visual Studio Solution File, Format Version 12.00
# Visual Studio Version 17
VisualStudioVersion = 17.1.32328.378
MinimumVisualStudioVersion = 10.0.40219.1
Project("{8BC9CEB8-8B4A-11D0-8D11-00A0C91BC942}") = "lab 2 prog", "lab 2 prog.vcxproj", "{FBF24FCA-0C13-4704-8E6E-8E008085307B}"
EndProject
Global
	GlobalSection(SolutionConfigurationPlatforms) = preSolution
		Debug|x64 = Debug|x64
		Debug|x86 = Debug|x86
		Release|x64 = Release|x64
		Release|x86 = Release|x86
	EndGlobalSection
	GlobalSection(ProjectConfigurationPlatforms) = postSolution
		{FBF24FCA-0C13-4704-8E6E-8E008085307B}.Debug|x64.ActiveCfg = Debug|x64
		{FBF24FCA-0C13-4704-8E6E-8E008085307B}.Debug|x64.Build.0 = Debug|x64
		{FBF24FCA-0C13-4704-8E6E-8E008085307B}.Debug|x86.ActiveCfg = Debug|Win32
		{FBF24FCA-0C13-4704-8E6E-8E008085307B}.Debug|x86.Build.0 = Debug|Win32
		{FBF24FCA-0C13-4704-8E6E-8E008085307B}.Release|x64.ActiveCfg = Release|x64
		{FBF24FCA-0C13-4704-8E6E-8E008085307B}.Release|x64.Build.0 = Release|x64
		{FBF24FCA-0C13-4704-8E6E-8E008085307B}.Release|x86.ActiveCfg = Release|Win32
		{FBF24FCA-0C13-4704-8E6E-8E008085307B}.Release|x86.Build.0 = Release|Win32
	EndGlobalSection
	GlobalSection(SolutionProperties) = preSolution
		HideSolutionNode = FALSE
	EndGlobalSection
	GlobalSection(ExtensibilityGlobals) = postSolution
		SolutionGuid = {240CB59D-7451-4303-A474-2F333902B239}
	EndGlobalSection
EndGlobal
